{
  "name": "ryanweb",
  "version": "1.0.0",
  "lockfileVersion": 3,
  "requires": true,
  "packages": {
    "": {
      "name": "ryanweb",
      "version": "1.0.0",
      "license": "ISC",
      "devDependencies": {
        "supabase": "^2.100.1"
      }
    },
    "node_modules/@supabase/cli-darwin-arm64": {
      "version": "2.100.1",
      "resolved": "https://registry.npmjs.org/@supabase/cli-darwin-arm64/-/cli-darwin-arm64-2.100.1.tgz",
      "integrity": "sha512-6P1JevgrnWUK2kIz+Y2FyARYU40MAixWCwpsa1esysiyymsnPmldcHKXLdy0ZMUZ3DWbKoricm2ouS1xEaWfog==",
      "cpu": [
        "arm64"
      ],
      "dev": true,
      "license": "MIT",
      "optional": true,
      "os": [
        "darwin"
      ]
    },
    "node_modules/@supabase/cli-darwin-x64": {
      "version": "2.100.1",
      "resolved": "https://registry.npmjs.org/@supabase/cli-darwin-x64/-/cli-darwin-x64-2.100.1.tgz",
      "integrity": "sha512-jZnv8uoHyB7C59Wc/iWbqmdUx56GwR9dPXeImMC/GXlrZcUjGXt+3kGmJq7AJ9LAK7f4Qkt1+DxBhgOjP77QPQ==",
      "cpu": [
        "x64"
      ],
      "dev": true,
      "license": "MIT",
      "optional": true,
      "os": [
        "darwin"
      ]
    },
    "node_modules/@supabase/cli-linux-arm64": {
      "version": "2.100.1",
      "resolved": "https://registry.npmjs.org/@supabase/cli-linux-arm64/-/cli-linux-arm64-2.100.1.tgz",
      "integrity": "sha512-0MMU1S1SXAhzuzViqOikEUwEy8Sd8vv3kkg/YbC+/i+d1D9fshUnZaCrQtsnSNs+iF4Qkw4+xZH9/RXBwUa8eA==",
      "cpu": [
        "arm64"
      ],
      "dev": true,
      "libc": [
        "glibc"
      ],
      "license": "MIT",
      "optional": true,
      "os": [
        "linux"
      ]
    },
    "node_modules/@supabase/cli-linux-arm64-musl": {
      "version": "2.100.1",
      "resolved": "https://registry.npmjs.org/@supabase/cli-linux-arm64-musl/-/cli-linux-arm64-musl-2.100.1.tgz",
      "integrity": "sha512-7SyKLYu40zvR3WbryQA7kD18DzbQ6KsMQFq+63OzFzdm0rV4AMHUGvRgqmEBDLTnorG5ZqDonqn4pBzbBGh8ww==",
      "cpu": [
        "arm64"
      ],
      "dev": true,
      "libc": [
        "musl"
      ],
      "license": "MIT",
      "optional": true,
      "os": [
        "linux"
      ]
    },
    "node_modules/@supabase/cli-linux-x64": {
      "version": "2.100.1",
      "resolved": "https://registry.npmjs.org/@supabase/cli-linux-x64/-/cli-linux-x64-2.100.1.tgz",
      "integrity": "sha512-3B4hzW3hmiT6XR4Yf1IaJVpvpoY6UDjHK6GNvYakEEOGURpk9ThatMGU8kUUp74a+9eTe3lTiW7usweHGc1Olw==",
      "cpu": [
        "x64"
      ],
      "dev": true,
      "libc": [
        "glibc"
      ],
      "license": "MIT",
      "optional": true,
      "os": [
        "linux"
      ]
    },
    "node_modules/@supabase/cli-linux-x64-musl": {
      "version": "2.100.1",
      "resolved": "https://registry.npmjs.org/@supabase/cli-linux-x64-musl/-/cli-linux-x64-musl-2.100.1.tgz",
      "integrity": "sha512-00bEAy+T3mzo6LkOqse4AfmppY9eqImQ9Fxar5OLFN7caeRxx7U+xLVXbS4i/ubMNCCK8+/xLsKBgs2kip1arw==",
      "cpu": [
        "x64"
      ],
      "dev": true,
      "libc": [
        "musl"
      ],
      "license": "MIT",
      "optional": true,
      "os": [
        "linux"
      ]
    },
    "node_modules/@supabase/cli-windows-arm64": {
      "version": "2.100.1",
      "resolved": "https://registry.npmjs.org/@supabase/cli-windows-arm64/-/cli-windows-arm64-2.100.1.tgz",
      "integrity": "sha512-Op/PcCmbfH2XfIWzouhcR/MdTclCqyevpLingrSLOfHQjJxP/UVbHGdrytNb8kJGUHLVbmgaO2RyW8HSsWCjyw==",
      "cpu": [
        "arm64"
      ],
      "dev": true,
      "license": "MIT",
      "optional": true,
      "os": [
        "win32"
      ]
    },
    "node_modules/@supabase/cli-windows-x64": {
      "version": "2.100.1",
      "resolved": "https://registry.npmjs.org/@supabase/cli-windows-x64/-/cli-windows-x64-2.100.1.tgz",
      "integrity": "sha512-m6m3Wg6QcYHnSYVpDaImYx+iewGtfIcM5C7zhqgwRDCyowFP+yKYtSTZ1ldqCN8U1BxJivGELMUhX6uOb0tzcw==",
      "cpu": [
        "x64"
      ],
      "dev": true,
      "license": "MIT",
      "optional": true,
      "os": [
        "win32"
      ]
    },
    "node_modules/supabase": {
      "version": "2.100.1",
      "resolved": "https://registry.npmjs.org/supabase/-/supabase-2.100.1.tgz",
      "integrity": "sha512-DZ9DWoicMuGfjggYuDImqVm7UP8ujFWyxKEd+dW8zqVJQgHb+5uPk1bq8VbPcleMuj9vdsGqOQEAvjI6rR6MeA==",
      "dev": true,
      "license": "MIT",
      "bin": {
        "supabase": "dist/supabase.js"
      },
      "optionalDependencies": {
        "@supabase/cli-darwin-arm64": "2.100.1",
        "@supabase/cli-darwin-x64": "2.100.1",
        "@supabase/cli-linux-arm64": "2.100.1",
        "@supabase/cli-linux-arm64-musl": "2.100.1",
        "@supabase/cli-linux-x64": "2.100.1",
        "@supabase/cli-linux-x64-musl": "2.100.1",
        "@supabase/cli-windows-arm64": "2.100.1",
        "@supabase/cli-windows-x64": "2.100.1"
      }
    }
  }
}
